PODS:
  - dgis_mobile_sdk_full (12.7.2):
    - "DGisFlutterFullSDK (~> 12.7.2+1)"
    - Flutter
  - "DGisFlutterFullSDK (12.7.2+1)"
  - Flutter (1.0.0)
  - url_launcher_ios (0.0.1):
    - Flutter

DEPENDENCIES:
  - dgis_mobile_sdk_full (from `.symlinks/plugins/dgis_mobile_sdk_full/ios`)
  - Flutter (from `Flutter`)
  - url_launcher_ios (from `.symlinks/plugins/url_launcher_ios/ios`)

SPEC REPOS:
  trunk:
    - DGisFlutterFullSDK

EXTERNAL SOURCES:
  dgis_mobile_sdk_full:
    :path: ".symlinks/plugins/dgis_mobile_sdk_full/ios"
  Flutter:
    :path: Flutter
  url_launcher_ios:
    :path: ".symlinks/plugins/url_launcher_ios/ios"

SPEC CHECKSUMS:
  dgis_mobile_sdk_full: 01fb76028cc122c3a81ee33a54113cb666f2ea75
  DGisFlutterFullSDK: 4acfb8b20116ba356bfe085cd73e8809b95f3e82
  Flutter: e0871f40cf51350855a761d2e70bf5af5b9b5de7
  url_launcher_ios: 694010445543906933d732453a59da0a173ae33d

PODFILE CHECKSUM: e30f02f9d1c72c47bb6344a0a748c9d268180865

COCOAPODS: 1.16.2
